
Microsoft Visual Studio Solution File, Format Version 12.00
# Visual Studio 15
VisualStudioVersion = 15.0.28307.329
MinimumVisualStudioVersion = 10.0.40219.1
Project("{FAE04EC0-301F-11D3-BF4B-00C04F79EFBC}") = "TrackerLibrary", "TrackerLibrary\TrackerLibrary.csproj", "{55399E3A-F4F9-4127-8DA2-5F4D26EF7565}"
EndProject
Project("{FAE04EC0-301F-11D3-BF4B-00C04F79EFBC}") = "TrackerWinFormUI", "TrackerUI\TrackerWinFormUI.csproj", "{2D220BBC-DE45-4BB4-8C10-47C5F020A99A}"
EndProject
Project("{FAE04EC0-301F-11D3-BF4B-00C04F79EFBC}") = "TrackerWPFUI", "TrackerWPFUI\TrackerWPFUI.csproj", "{7E687257-E460-4FBD-A136-F780F0FC4EA3}"
EndProject
Global
	GlobalSection(SolutionConfigurationPlatforms) = preSolution
		Debug|Any CPU = Debug|Any CPU
		Release|Any CPU = Release|Any CPU
	EndGlobalSection
	GlobalSection(ProjectConfigurationPlatforms) = postSolution
		{55399E3A-F4F9-4127-8DA2-5F4D26EF7565}.Debug|Any CPU.ActiveCfg = Debug|Any CPU
		{55399E3A-F4F9-4127-8DA2-5F4D26EF7565}.Debug|Any CPU.Build.0 = Debug|Any CPU
		{55399E3A-F4F9-4127-8DA2-5F4D26EF7565}.Release|Any CPU.ActiveCfg = Release|Any CPU
		{55399E3A-F4F9-4127-8DA2-5F4D26EF7565}.Release|Any CPU.Build.0 = Release|Any CPU
		{2D220BBC-DE45-4BB4-8C10-47C5F020A99A}.Debug|Any CPU.ActiveCfg = Debug|Any CPU
		{2D220BBC-DE45-4BB4-8C10-47C5F020A99A}.Debug|Any CPU.Build.0 = Debug|Any CPU
		{2D220BBC-DE45-4BB4-8C10-47C5F020A99A}.Release|Any CPU.ActiveCfg = Release|Any CPU
		{2D220BBC-DE45-4BB4-8C10-47C5F020A99A}.Release|Any CPU.Build.0 = Release|Any CPU
		{7E687257-E460-4FBD-A136-F780F0FC4EA3}.Debug|Any CPU.ActiveCfg = Debug|Any CPU
		{7E687257-E460-4FBD-A136-F780F0FC4EA3}.Debug|Any CPU.Build.0 = Debug|Any CPU
		{7E687257-E460-4FBD-A136-F780F0FC4EA3}.Release|Any CPU.ActiveCfg = Release|Any CPU
		{7E687257-E460-4FBD-A136-F780F0FC4EA3}.Release|Any CPU.Build.0 = Release|Any CPU
	EndGlobalSection
	GlobalSection(SolutionProperties) = preSolution
		HideSolutionNode = FALSE
	EndGlobalSection
	GlobalSection(ExtensibilityGlobals) = postSolution
		SolutionGuid = {7C8077C1-A527-4795-A120-488D83F67374}
	EndGlobalSection
EndGlobal
